// !$*UTF8*$!
{
	archiveVersion = 1;
	classes = {
	};
	objectVersion = 50;
	objects = {

/* Begin PBXBuildFile section */
		705EDE6C221A851C001BEB95 /* Rectangle.c in Sources */ = {isa = PBXBuildFile; fileRef = 705EDE6B221A851C001BEB95 /* Rectangle.c */; };
		705EDE6F221A8C8B001BEB95 /* ShapeVtbl.c in Sources */ = {isa = PBXBuildFile; fileRef = 705EDE6E221A8C8B001BEB95 /* ShapeVtbl.c */; };
		705EDEB0221AAEF3001BEB95 /* Person.m in Sources */ = {isa = PBXBuildFile; fileRef = 705EDEAF221AAEF3001BEB95 /* Person.m */; };
		70FB755C2216BA4F003E4CD4 /* main.c in Sources */ = {isa = PBXBuildFile; fileRef = 70FB755B2216BA4F003E4CD4 /* main.c */; };
		70FB75642216BAB1003E4CD4 /* Shape.c in Sources */ = {isa = PBXBuildFile; fileRef = 70FB75632216BAB1003E4CD4 /* Shape.c */; };
/* End PBXBuildFile section */

/* Begin PBXCopyFilesBuildPhase section */
		70FB75562216BA4F003E4CD4 /* CopyFiles */ = {
			isa = PBXCopyFilesBuildPhase;
			buildActionMask = 2147483647;
			dstPath = /usr/share/man/man1/;
			dstSubfolderSpec = 0;
			files = (
			);
			runOnlyForDeploymentPostprocessing = 1;
		};
/* End PBXCopyFilesBuildPhase section */

/* Begin PBXFileReference section */
		705EDE6A221A851C001BEB95 /* Rectangle.h */ = {isa = PBXFileReference; lastKnownFileType = sourcecode.c.h; path = Rectangle.h; sourceTree = "<group>"; };
		705EDE6B221A851C001BEB95 /* Rectangle.c */ = {isa = PBXFileReference; lastKnownFileType = sourcecode.c.c; path = Rectangle.c; sourceTree = "<group>"; };
		705EDE6D221A8C8B001BEB95 /* ShapeVtbl.h */ = {isa = PBXFileReference; lastKnownFileType = sourcecode.c.h; path = ShapeVtbl.h; sourceTree = "<group>"; };
		705EDE6E221A8C8B001BEB95 /* ShapeVtbl.c */ = {isa = PBXFileReference; lastKnownFileType = sourcecode.c.c; path = ShapeVtbl.c; sourceTree = "<group>"; };
		705EDEAE221AAEF3001BEB95 /* Person.h */ = {isa = PBXFileReference; lastKnownFileType = sourcecode.c.h; path = Person.h; sourceTree = "<group>"; };
		705EDEAF221AAEF3001BEB95 /* Person.m */ = {isa = PBXFileReference; lastKnownFileType = sourcecode.c.objc; path = Person.m; sourceTree = "<group>"; };
		70FB75582216BA4F003E4CD4 /* testC */ = {isa = PBXFileReference; explicitFileType = "compiled.mach-o.executable"; includeInIndex = 0; path = testC; sourceTree = BUILT_PRODUCTS_DIR; };
		70FB755B2216BA4F003E4CD4 /* main.c */ = {isa = PBXFileReference; lastKnownFileType = sourcecode.c.c; path = main.c; sourceTree = "<group>"; };
		70FB75622216BAB1003E4CD4 /* Shape.h */ = {isa = PBXFileReference; lastKnownFileType = sourcecode.c.h; path = Shape.h; sourceTree = "<group>"; };
		70FB75632216BAB1003E4CD4 /* Shape.c */ = {isa = PBXFileReference; lastKnownFileType = sourcecode.c.c; path = Shape.c; sourceTree = "<group>"; };
/* End PBXFileReference section */

/* Begin PBXFrameworksBuildPhase section */
		70FB75552216BA4F003E4CD4 /* Frameworks */ = {
			isa = PBXFrameworksBuildPhase;
			buildActionMask = 2147483647;
			files = (
			);
			runOnlyForDeploymentPostprocessing = 0;
		};
/* End PBXFrameworksBuildPhase section */

/* Begin PBXGroup section */
		70FB754F2216BA4F003E4CD4 = {
			isa = PBXGroup;
			children = (
				70FB755A2216BA4F003E4CD4 /* testC */,
				70FB75592216BA4F003E4CD4 /* Products */,
			);
			sourceTree = "<group>";
		};
		70FB75592216BA4F003E4CD4 /* Products */ = {
			isa = PBXGroup;
			children = (
				70FB75582216BA4F003E4CD4 /* testC */,
			);
			name = Products;
			sourceTree = "<group>";
		};
		70FB755A2216BA4F003E4CD4 /* testC */ = {
			isa = PBXGroup;
			children = (
				70FB755B2216BA4F003E4CD4 /* main.c */,
				705EDEAE221AAEF3001BEB95 /* Person.h */,
				705EDEAF221AAEF3001BEB95 /* Person.m */,
				70FB75622216BAB1003E4CD4 /* Shape.h */,
				70FB75632216BAB1003E4CD4 /* Shape.c */,
				705EDE6A221A851C001BEB95 /* Rectangle.h */,
				705EDE6B221A851C001BEB95 /* Rectangle.c */,
				705EDE6D221A8C8B001BEB95 /* ShapeVtbl.h */,
				705EDE6E221A8C8B001BEB95 /* ShapeVtbl.c */,
			);
			path = testC;
			sourceTree = "<group>";
		};
/* End PBXGroup section */

/* Begin PBXNativeTarget section */
		70FB75572216BA4F003E4CD4 /* testC */ = {
			isa = PBXNativeTarget;
			buildConfigurationList = 70FB755F2216BA4F003E4CD4 /* Build configuration list for PBXNativeTarget "testC" */;
			buildPhases = (
				70FB75542216BA4F003E4CD4 /* Sources */,
				70FB75552216BA4F003E4CD4 /* Frameworks */,
				70FB75562216BA4F003E4CD4 /* CopyFiles */,
			);
			buildRules = (
			);
			dependencies = (
			);
			name = testC;
			productName = testC;
			productReference = 70FB75582216BA4F003E4CD4 /* testC */;
			productType = "com.apple.product-type.tool";
		};
/* End PBXNativeTarget section */

/* Begin PBXProject section */
		70FB75502216BA4F003E4CD4 /* Project object */ = {
			isa = PBXProject;
			attributes = {
				LastUpgradeCheck = 1010;
				ORGANIZATIONNAME = EBIZM2;
				TargetAttributes = {
					70FB75572216BA4F003E4CD4 = {
						CreatedOnToolsVersion = 10.1;
					};
				};
			};
			buildConfigurationList = 70FB75532216BA4F003E4CD4 /* Build configuration list for PBXProject "testC" */;
			compatibilityVersion = "Xcode 9.3";
			developmentRegion = en;
			hasScannedForEncodings = 0;
			knownRegions = (
				en,
			);
			mainGroup = 70FB754F2216BA4F003E4CD4;
			productRefGroup = 70FB75592216BA4F003E4CD4 /* Products */;
			projectDirPath = "";
			projectRoot = "";
			targets = (
				70FB75572216BA4F003E4CD4 /* testC */,
			);
		};
/* End PBXProject section */

/* Begin PBXSourcesBuildPhase section */
		70FB75542216BA4F003E4CD4 /* Sources */ = {
			isa = PBXSourcesBuildPhase;
			buildActionMask = 2147483647;
			files = (
				70FB755C2216BA4F003E4CD4 /* main.c in Sources */,
				705EDE6F221A8C8B001BEB95 /* ShapeVtbl.c in Sources */,
				705EDEB0221AAEF3001BEB95 /* Person.m in Sources */,
				70FB75642216BAB1003E4CD4 /* Shape.c in Sources */,
				705EDE6C221A851C001BEB95 /* Rectangle.c in Sources */,
			);
			runOnlyForDeploymentPostprocessing = 0;
		};
/* End PBXSourcesBuildPhase section */

/* Begin XCBuildConfiguration section */
		70FB755D2216BA4F003E4CD4 /* Debug */ = {
			isa = XCBuildConfiguration;
			buildSettings = {
				ALWAYS_SEARCH_USER_PATHS = NO;
				CLANG_ANALYZER_NONNULL = YES;
				CLANG_ANALYZER_NUMBER_OBJECT_CONVERSION = YES_AGGRESSIVE;
				CLANG_CXX_LANGUAGE_STANDARD = "gnu++14";
				CLANG_CXX_LIBRARY = "libc++";
				CLANG_ENABLE_MODULES = YES;
				CLANG_ENABLE_OBJC_ARC = YES;
				CLANG_ENABLE_OBJC_WEAK = YES;
				CLANG_WARN_BLOCK_CAPTURE_AUTORELEASING = YES;
				CLANG_WARN_BOOL_CONVERSION = YES;
				CLANG_WARN_COMMA = YES;
				CLANG_WARN_CONSTANT_CONVERSION = YES;
				CLANG_WARN_DEPRECATED_OBJC_IMPLEMENTATIONS = YES;
				CLANG_WARN_DIRECT_OBJC_ISA_USAGE = YES_ERROR;
				CLANG_WARN_DOCUMENTATION_COMMENTS = YES;
				CLANG_WARN_EMPTY_BODY = YES;
				CLANG_WARN_ENUM_CONVERSION = YES;
				CLANG_WARN_INFINITE_RECURSION = YES;
				CLANG_WARN_INT_CONVERSION = YES;
				CLANG_WARN_NON_LITERAL_NULL_CONVERSION = YES;
				CLANG_WARN_OBJC_IMPLICIT_RETAIN_SELF = YES;
				CLANG_WARN_OBJC_LITERAL_CONVERSION = YES;
				CLANG_WARN_OBJC_ROOT_CLASS = YES_ERROR;
				CLANG_WARN_RANGE_LOOP_ANALYSIS = YES;
				CLANG_WARN_STRICT_PROTOTYPES = YES;
				CLANG_WARN_SUSPICIOUS_MOVE = YES;
				CLANG_WARN_UNGUARDED_AVAILABILITY = YES_AGGRESSIVE;
				CLANG_WARN_UNREACHABLE_CODE = YES;
				CLANG_WARN__DUPLICATE_METHOD_MATCH = YES;
				CODE_SIGN_IDENTITY = "-";
				COPY_PHASE_STRIP = NO;
				DEBUG_INFORMATION_FORMAT = dwarf;
				ENABLE_STRICT_OBJC_MSGSEND = YES;
				ENABLE_TESTABILITY = YES;
				GCC_C_LANGUAGE_STANDARD = gnu11;
				GCC_DYNAMIC_NO_PIC = NO;
				GCC_NO_COMMON_BLOCKS = YES;
				GCC_OPTIMIZATION_LEVEL = 0;
				GCC_PREPROCESSOR_DEFINITIONS = (
					"DEBUG=1",
					"$(inherited)",
				);
				GCC_WARN_64_TO_32_BIT_CONVERSION = YES;
				GCC_WARN_ABOUT_RETURN_TYPE = YES_ERROR;
				GCC_WARN_UNDECLARED_SELECTOR = YES;
				GCC_WARN_UNINITIALIZED_AUTOS = YES_AGGRESSIVE;
				GCC_WARN_UNUSED_FUNCTION = YES;
				GCC_WARN_UNUSED_VARIABLE = YES;
				MACOSX_DEPLOYMENT_TARGET = 10.13;
				MTL_ENABLE_DEBUG_INFO = INCLUDE_SOURCE;
				MTL_FAST_MATH = YES;
				ONLY_ACTIVE_ARCH = YES;
				SDKROOT = macosx;
			};
			name = Debug;
		};
		70FB755E2216BA4F003E4CD4 /* Release */ = {
			isa = XCBuildConfiguration;
			buildSettings = {
				ALWAYS_SEARCH_USER_PATHS = NO;
				CLANG_ANALYZER_NONNULL = YES;
				CLANG_ANALYZER_NUMBER_OBJECT_CONVERSION = YES_AGGRESSIVE;
				CLANG_CXX_LANGUAGE_STANDARD = "gnu++14";
				CLANG_CXX_LIBRARY = "libc++";
				CLANG_ENABLE_MODULES = YES;
				CLANG_ENABLE_OBJC_ARC = YES;
				CLANG_ENABLE_OBJC_WEAK = YES;
				CLANG_WARN_BLOCK_CAPTURE_AUTORELEASING = YES;
				CLANG_WARN_BOOL_CONVERSION = YES;
				CLANG_WARN_COMMA = YES;
				CLANG_WARN_CONSTANT_CONVERSION = YES;
				CLANG_WARN_DEPRECATED_OBJC_IMPLEMENTATIONS = YES;
				CLANG_WARN_DIRECT_OBJC_ISA_USAGE = YES_ERROR;
				CLANG_WARN_DOCUMENTATION_COMMENTS = YES;
				CLANG_WARN_EMPTY_BODY = YES;
				CLANG_WARN_ENUM_CONVERSION = YES;
				CLANG_WARN_INFINITE_RECURSION = YES;
				CLANG_WARN_INT_CONVERSION = YES;
				CLANG_WARN_NON_LITERAL_NULL_CONVERSION = YES;
				CLANG_WARN_OBJC_IMPLICIT_RETAIN_SELF = YES;
				CLANG_WARN_OBJC_LITERAL_CONVERSION = YES;
				CLANG_WARN_OBJC_ROOT_CLASS = YES_ERROR;
				CLANG_WARN_RANGE_LOOP_ANALYSIS = YES;
				CLANG_WARN_STRICT_PROTOTYPES = YES;
				CLANG_WARN_SUSPICIOUS_MOVE = YES;
				CLANG_WARN_UNGUARDED_AVAILABILITY = YES_AGGRESSIVE;
				CLANG_WARN_UNREACHABLE_CODE = YES;
				CLANG_WARN__DUPLICATE_METHOD_MATCH = YES;
				CODE_SIGN_IDENTITY = "-";
				COPY_PHASE_STRIP = NO;
				DEBUG_INFORMATION_FORMAT = "dwarf-with-dsym";
				ENABLE_NS_ASSERTIONS = NO;
				ENABLE_STRICT_OBJC_MSGSEND = YES;
				GCC_C_LANGUAGE_STANDARD = gnu11;
				GCC_NO_COMMON_BLOCKS = YES;
				GCC_WARN_64_TO_32_BIT_CONVERSION = YES;
				GCC_WARN_ABOUT_RETURN_TYPE = YES_ERROR;
				GCC_WARN_UNDECLARED_SELECTOR = YES;
				GCC_WARN_UNINITIALIZED_AUTOS = YES_AGGRESSIVE;
				GCC_WARN_UNUSED_FUNCTION = YES;
				GCC_WARN_UNUSED_VARIABLE = YES;
				MACOSX_DEPLOYMENT_TARGET = 10.13;
				MTL_ENABLE_DEBUG_INFO = NO;
				MTL_FAST_MATH = YES;
				SDKROOT = macosx;
			};
			name = Release;
		};
		70FB75602216BA4F003E4CD4 /* Debug */ = {
			isa = XCBuildConfiguration;
			buildSettings = {
				CODE_SIGN_STYLE = Automatic;
				PRODUCT_NAME = "$(TARGET_NAME)";
			};
			name = Debug;
		};
		70FB75612216BA4F003E4CD4 /* Release */ = {
			isa = XCBuildConfiguration;
			buildSettings = {
				CODE_SIGN_STYLE = Automatic;
				PRODUCT_NAME = "$(TARGET_NAME)";
			};
			name = Release;
		};
/* End XCBuildConfiguration section */

/* Begin XCConfigurationList section */
		70FB75532216BA4F003E4CD4 /* Build configuration list for PBXProject "testC" */ = {
			isa = XCConfigurationList;
			buildConfigurations = (
				70FB755D2216BA4F003E4CD4 /* Debug */,
				70FB755E2216BA4F003E4CD4 /* Release */,
			);
			defaultConfigurationIsVisible = 0;
			defaultConfigurationName = Release;
		};
		70FB755F2216BA4F003E4CD4 /* Build configuration list for PBXNativeTarget "testC" */ = {
			isa = XCConfigurationList;
			buildConfigurations = (
				70FB75602216BA4F003E4CD4 /* Debug */,
				70FB75612216BA4F003E4CD4 /* Release */,
			);
			defaultConfigurationIsVisible = 0;
			defaultConfigurationName = Release;
		};
/* End XCConfigurationList section */
	};
	rootObject = 70FB75502216BA4F003E4CD4 /* Project object */;
}
